<?xml version="1.0" encoding="UTF-8" standalone="yes" ?>
<CodeBlocks_project_file>
	<FileVersion major="1" minor="6" />
	<Project>
		<Option title="RakNet" />
		<Option makefile="makefile" />
		<Option makefile_is_custom="1" />
		<Option pch_mode="2" />
		<Option compiler="gcc" />
		<MakeCommands>
			<Build command="$make -f $makefile $target" />
			<CompileFile command="$make -f $makefile $file" />
			<Clean command="$make -f $makefile clean_$target" />
			<DistClean command="$make -f $makefile distclean$target" />
			<AskRebuildNeeded command="$make -q -f $makefile $target" />
			<SilentBuild command="$make -f $makefile $target &gt; $(CMD_NULL)" />
		</MakeCommands>
		<Build>
			<Target title="debug">
				<Option output="./bin/RakNet" prefix_auto="1" extension_auto="1" />
				<Option working_dir="" />
				<Option object_output="/debug/" />
				<Option type="2" />
				<Option compiler="gcc" />
				<Option createDefFile="1" />
				<Compiler>
					<Add option="-Wall" />
					<Add option="-g" />
				</Compiler>
				<MakeCommands>
					<Build command="$make -f $makefile $target" />
					<CompileFile command="$make -f $makefile $file" />
					<Clean command="$make -f $makefile clean_$target" />
					<DistClean command="$make -f $makefile distclean$target" />
					<AskRebuildNeeded command="$make -q -f $makefile $target" />
					<SilentBuild command="$make -f $makefile $target &gt; $(CMD_NULL)" />
				</MakeCommands>
			</Target>
			<Target title="release">
				<Option output="./bin/RakNet" prefix_auto="1" extension_auto="1" />
				<Option working_dir="" />
				<Option object_output="/release/" />
				<Option type="2" />
				<Option compiler="gcc" />
				<Option createDefFile="1" />
				<Compiler>
					<Add option="-O2" />
					<Add option="-Wall" />
				</Compiler>
				<Linker>
					<Add option="-s" />
				</Linker>
				<MakeCommands>
					<Build command="$make -f $makefile $target" />
					<CompileFile command="$make -f $makefile $file" />
					<Clean command="$make -f $makefile clean_$target" />
					<DistClean command="$make -f $makefile distclean$target" />
					<AskRebuildNeeded command="$make -q -f $makefile $target" />
					<SilentBuild command="$make -f $makefile $target &gt; $(CMD_NULL)" />
				</MakeCommands>
			</Target>
		</Build>
		<Unit filename="AutopatcherPatchContext.h" />
		<Unit filename="AutopatcherRepositoryInterface.h" />
		<Unit filename="Base64Encoder.cpp" />
		<Unit filename="Base64Encoder.h" />
		<Unit filename="BitStream.cpp" />
		<Unit filename="BitStream.h" />
		<Unit filename="CCRakNetSlidingWindow.cpp" />
		<Unit filename="CCRakNetSlidingWindow.h" />
		<Unit filename="CCRakNetUDT.cpp" />
		<Unit filename="CCRakNetUDT.h" />
		<Unit filename="CheckSum.cpp" />
		<Unit filename="CheckSum.h" />
		<Unit filename="CloudClient.cpp" />
		<Unit filename="CloudClient.h" />
		<Unit filename="CloudCommon.cpp" />
		<Unit filename="CloudCommon.h" />
		<Unit filename="CloudServer.cpp" />
		<Unit filename="CloudServer.h" />
		<Unit filename="CommandParserInterface.cpp" />
		<Unit filename="CommandParserInterface.h" />
		<Unit filename="ConnectionGraph2.cpp" />
		<Unit filename="ConnectionGraph2.h" />
		<Unit filename="ConsoleServer.cpp" />
		<Unit filename="ConsoleServer.h" />
		<Unit filename="DR_SHA1.cpp" />
		<Unit filename="DR_SHA1.h" />
		<Unit filename="DS_BPlusTree.h" />
		<Unit filename="DS_BinarySearchTree.h" />
		<Unit filename="DS_BytePool.cpp" />
		<Unit filename="DS_BytePool.h" />
		<Unit filename="DS_ByteQueue.cpp" />
		<Unit filename="DS_ByteQueue.h" />
		<Unit filename="DS_Hash.h" />
		<Unit filename="DS_Heap.h" />
		<Unit filename="DS_HuffmanEncodingTree.cpp" />
		<Unit filename="DS_HuffmanEncodingTree.h" />
		<Unit filename="DS_HuffmanEncodingTreeFactory.h" />
		<Unit filename="DS_HuffmanEncodingTreeNode.h" />
		<Unit filename="DS_LinkedList.h" />
		<Unit filename="DS_List.h" />
		<Unit filename="DS_Map.h" />
		<Unit filename="DS_MemoryPool.h" />
		<Unit filename="DS_Multilist.h" />
		<Unit filename="DS_OrderedChannelHeap.h" />
		<Unit filename="DS_OrderedList.h" />
		<Unit filename="DS_Queue.h" />
		<Unit filename="DS_QueueLinkedList.h" />
		<Unit filename="DS_RangeList.h" />
		<Unit filename="DS_StringKeyedHash.h" />
		<Unit filename="DS_Table.cpp" />
		<Unit filename="DS_Table.h" />
		<Unit filename="DS_ThreadsafeAllocatingQueue.h" />
		<Unit filename="DS_Tree.h" />
		<Unit filename="DS_WeightedGraph.h" />
		<Unit filename="DataCompressor.cpp" />
		<Unit filename="DataCompressor.h" />
		<Unit filename="DirectoryDeltaTransfer.cpp" />
		<Unit filename="DirectoryDeltaTransfer.h" />
		<Unit filename="DynDNS.cpp" />
		<Unit filename="DynDNS.h" />
		<Unit filename="EmailSender.cpp" />
		<Unit filename="EmailSender.h" />
		<Unit filename="EmptyHeader.h" />
		<Unit filename="EncodeClassName.cpp" />
		<Unit filename="EpochTimeToString.cpp" />
		<Unit filename="EpochTimeToString.h" />
		<Unit filename="Export.h" />
		<Unit filename="FileList.cpp" />
		<Unit filename="FileList.h" />
		<Unit filename="FileListNodeContext.h" />
		<Unit filename="FileListTransfer.cpp" />
		<Unit filename="FileListTransfer.h" />
		<Unit filename="FileListTransferCBInterface.h" />
		<Unit filename="FileOperations.cpp" />
		<Unit filename="FileOperations.h" />
		<Unit filename="FormatString.cpp" />
		<Unit filename="FormatString.h" />
		<Unit filename="FullyConnectedMesh2.cpp" />
		<Unit filename="FullyConnectedMesh2.h" />
		<Unit filename="GetTime.cpp" />
		<Unit filename="GetTime.h" />
		<Unit filename="Getche.cpp" />
		<Unit filename="Getche.h" />
		<Unit filename="Gets.cpp" />
		<Unit filename="Gets.h" />
		<Unit filename="GridSectorizer.cpp" />
		<Unit filename="GridSectorizer.h" />
		<Unit filename="HTTPConnection.cpp" />
		<Unit filename="HTTPConnection.h" />
		<Unit filename="HTTPConnection2.cpp" />
		<Unit filename="HTTPConnection2.h" />
		<Unit filename="IncrementalReadInterface.cpp" />
		<Unit filename="IncrementalReadInterface.h" />
		<Unit filename="InternalPacket.h" />
		<Unit filename="Itoa.cpp" />
		<Unit filename="Itoa.h" />
		<Unit filename="Kbhit.h" />
		<Unit filename="LinuxStrings.cpp" />
		<Unit filename="LinuxStrings.h" />
		<Unit filename="LocklessTypes.cpp" />
		<Unit filename="LocklessTypes.h" />
		<Unit filename="LogCommandParser.cpp" />
		<Unit filename="LogCommandParser.h" />
		<Unit filename="MTUSize.h" />
		<Unit filename="MessageFilter.cpp" />
		<Unit filename="MessageFilter.h" />
		<Unit filename="MessageIdentifiers.h" />
		<Unit filename="NatPunchthroughClient.cpp" />
		<Unit filename="NatPunchthroughClient.h" />
		<Unit filename="NatPunchthroughServer.cpp" />
		<Unit filename="NatPunchthroughServer.h" />
		<Unit filename="NatTypeDetectionClient.cpp" />
		<Unit filename="NatTypeDetectionClient.h" />
		<Unit filename="NatTypeDetectionCommon.cpp" />
		<Unit filename="NatTypeDetectionCommon.h" />
		<Unit filename="NatTypeDetectionServer.cpp" />
		<Unit filename="NatTypeDetectionServer.h" />
		<Unit filename="NativeFeatureIncludes.h" />
		<Unit filename="NativeFeatureIncludesOverrides.h" />
		<Unit filename="NativeTypes.h" />
		<Unit filename="NetworkIDManager.cpp" />
		<Unit filename="NetworkIDManager.h" />
		<Unit filename="NetworkIDObject.cpp" />
		<Unit filename="NetworkIDObject.h" />
		<Unit filename="PS3Includes.h" />
		<Unit filename="PacketConsoleLogger.cpp" />
		<Unit filename="PacketConsoleLogger.h" />
		<Unit filename="PacketFileLogger.cpp" />
		<Unit filename="PacketFileLogger.h" />
		<Unit filename="PacketLogger.cpp" />
		<Unit filename="PacketLogger.h" />
		<Unit filename="PacketOutputWindowLogger.cpp" />
		<Unit filename="PacketOutputWindowLogger.h" />
		<Unit filename="PacketPool.h" />
		<Unit filename="PacketPriority.h" />
		<Unit filename="PacketizedTCP.cpp" />
		<Unit filename="PacketizedTCP.h" />
		<Unit filename="PluginInterface2.cpp" />
		<Unit filename="PluginInterface2.h" />
		<Unit filename="RPC4Plugin.cpp" />
		<Unit filename="RPC4Plugin.h" />
		<Unit filename="Rackspace.cpp" />
		<Unit filename="Rackspace.h" />
		<Unit filename="RakAlloca.h" />
		<Unit filename="RakAssert.h" />
		<Unit filename="RakMemoryOverride.cpp" />
		<Unit filename="RakMemoryOverride.h" />
		<Unit filename="RakNetCommandParser.cpp" />
		<Unit filename="RakNetCommandParser.h" />
		<Unit filename="RakNetDefines.h" />
		<Unit filename="RakNetDefinesOverrides.h" />
		<Unit filename="RakNetSmartPtr.h" />
		<Unit filename="RakNetSocket.cpp" />
		<Unit filename="RakNetSocket.h" />
		<Unit filename="RakNetSocket2.cpp" />
		<Unit filename="RakNetSocket2.h" />
		<Unit filename="RakNetSocket2_360_720.cpp" />
		<Unit filename="RakNetSocket2_Berkley.cpp" />
		<Unit filename="RakNetSocket2_Berkley_NativeClient.cpp" />
		<Unit filename="RakNetSocket2_NativeClient.cpp" />
		<Unit filename="RakNetSocket2_PS3_PS4.cpp" />
		<Unit filename="RakNetSocket2_PS4.cpp" />
		<Unit filename="RakNetSocket2_Vita.cpp" />
		<Unit filename="RakNetSocket2_WindowsStore8.cpp" />
		<Unit filename="RakNetSocket2_Windows_Linux.cpp" />
		<Unit filename="RakNetSocket2_Windows_Linux_360.cpp" />
		<Unit filename="RakNetStatistics.cpp" />
		<Unit filename="RakNetStatistics.h" />
		<Unit filename="RakNetTime.h" />
		<Unit filename="RakNetTransport2.cpp" />
		<Unit filename="RakNetTransport2.h" />
		<Unit filename="RakNetTypes.cpp" />
		<Unit filename="RakNetTypes.h" />
		<Unit filename="RakNetVersion.h" />
		<Unit filename="RakPeer.cpp" />
		<Unit filename="RakPeer.h" />
		<Unit filename="RakPeerInterface.h" />
		<Unit filename="RakSleep.cpp" />
		<Unit filename="RakSleep.h" />
		<Unit filename="RakString.cpp" />
		<Unit filename="RakString.h" />
		<Unit filename="RakThread.cpp" />
		<Unit filename="RakThread.h" />
		<Unit filename="RakWString.cpp" />
		<Unit filename="RakWString.h" />
		<Unit filename="Rand.cpp" />
		<Unit filename="Rand.h" />
		<Unit filename="RandSync.cpp" />
		<Unit filename="RandSync.h" />
		<Unit filename="ReadyEvent.cpp" />
		<Unit filename="ReadyEvent.h" />
		<Unit filename="RefCountedObj.h" />
		<Unit filename="RelayPlugin.cpp" />
		<Unit filename="RelayPlugin.h" />
		<Unit filename="ReliabilityLayer.cpp" />
		<Unit filename="ReliabilityLayer.h" />
		<Unit filename="Replica.h" />
		<Unit filename="ReplicaEnums.h" />
		<Unit filename="ReplicaManager3.cpp" />
		<Unit filename="ReplicaManager3.h" />
		<Unit filename="Router2.cpp" />
		<Unit filename="Router2.h" />
		<Unit filename="SHA1.cpp" />
		<Unit filename="SHA1.h" />
		<Unit filename="SecureHandshake.cpp" />
		<Unit filename="SecureHandshake.h" />
		<Unit filename="SendToThread.cpp" />
		<Unit filename="SendToThread.h" />
		<Unit filename="SignaledEvent.cpp" />
		<Unit filename="SignaledEvent.h" />
		<Unit filename="SimpleMutex.cpp" />
		<Unit filename="SimpleMutex.h" />
		<Unit filename="SimpleTCPServer.h" />
		<Unit filename="SingleProducerConsumer.h" />
		<Unit filename="SocketDefines.h" />
		<Unit filename="SocketIncludes.h" />
		<Unit filename="SocketLayer.cpp" />
		<Unit filename="SocketLayer.h" />
		<Unit filename="StatisticsHistory.cpp" />
		<Unit filename="StatisticsHistory.h" />
		<Unit filename="StringCompressor.cpp" />
		<Unit filename="StringCompressor.h" />
		<Unit filename="StringTable.cpp" />
		<Unit filename="StringTable.h" />
		<Unit filename="SuperFastHash.cpp" />
		<Unit filename="SuperFastHash.h" />
		<Unit filename="TCPInterface.cpp" />
		<Unit filename="TCPInterface.h" />
		<Unit filename="TableSerializer.cpp" />
		<Unit filename="TableSerializer.h" />
		<Unit filename="TeamBalancer.cpp" />
		<Unit filename="TeamBalancer.h" />
		<Unit filename="TeamManager.cpp" />
		<Unit filename="TeamManager.h" />
		<Unit filename="TelnetTransport.cpp" />
		<Unit filename="TelnetTransport.h" />
		<Unit filename="ThreadPool.h" />
		<Unit filename="ThreadsafePacketLogger.cpp" />
		<Unit filename="ThreadsafePacketLogger.h" />
		<Unit filename="TransportInterface.h" />
		<Unit filename="TwoWayAuthentication.cpp" />
		<Unit filename="TwoWayAuthentication.h" />
		<Unit filename="UDPForwarder.cpp" />
		<Unit filename="UDPForwarder.h" />
		<Unit filename="UDPProxyClient.cpp" />
		<Unit filename="UDPProxyClient.h" />
		<Unit filename="UDPProxyCommon.h" />
		<Unit filename="UDPProxyCoordinator.cpp" />
		<Unit filename="UDPProxyCoordinator.h" />
		<Unit filename="UDPProxyServer.cpp" />
		<Unit filename="UDPProxyServer.h" />
		<Unit filename="VariableDeltaSerializer.cpp" />
		<Unit filename="VariableDeltaSerializer.h" />
		<Unit filename="VariableListDeltaTracker.cpp" />
		<Unit filename="VariableListDeltaTracker.h" />
		<Unit filename="VariadicSQLParser.cpp" />
		<Unit filename="VariadicSQLParser.h" />
		<Unit filename="VitaIncludes.cpp" />
		<Unit filename="VitaIncludes.h" />
		<Unit filename="WSAStartupSingleton.cpp" />
		<Unit filename="WSAStartupSingleton.h" />
		<Unit filename="WindowsIncludes.h" />
		<Unit filename="XBox360Includes.h" />
		<Unit filename="_FindFirst.cpp" />
		<Unit filename="_FindFirst.h" />
		<Unit filename="cat/AllCodec.hpp" />
		<Unit filename="cat/AllCommon.hpp" />
		<Unit filename="cat/AllCrypt.hpp" />
		<Unit filename="cat/AllFramework.hpp" />
		<Unit filename="cat/AllGraphics.hpp" />
		<Unit filename="cat/AllMath.hpp" />
		<Unit filename="cat/AllTunnel.hpp" />
		<Unit filename="cat/Config.hpp" />
		<Unit filename="cat/Platform.hpp" />
		<Unit filename="cat/Singleton.hpp" />
		<Unit filename="cat/asm/big_x64_asm.hpp" />
		<Unit filename="cat/codec/RangeCoder.hpp" />
		<Unit filename="cat/crypt/SecureCompare.hpp" />
		<Unit filename="cat/crypt/cookie/CookieJar.hpp" />
		<Unit filename="cat/crypt/hash/HMAC_MD5.hpp" />
		<Unit filename="cat/crypt/hash/ICryptHash.hpp" />
		<Unit filename="cat/crypt/hash/Skein.hpp" />
		<Unit filename="cat/crypt/pass/Passwords.hpp" />
		<Unit filename="cat/crypt/rand/Fortuna.hpp" />
		<Unit filename="cat/crypt/symmetric/ChaCha.hpp" />
		<Unit filename="cat/crypt/tunnel/AuthenticatedEncryption.hpp" />
		<Unit filename="cat/crypt/tunnel/EasyHandshake.hpp" />
		<Unit filename="cat/crypt/tunnel/KeyAgreement.hpp" />
		<Unit filename="cat/crypt/tunnel/KeyAgreementInitiator.hpp" />
		<Unit filename="cat/crypt/tunnel/KeyAgreementResponder.hpp" />
		<Unit filename="cat/crypt/tunnel/KeyMaker.hpp" />
		<Unit filename="cat/db/BombayTable.hpp" />
		<Unit filename="cat/db/BombayTableIndex.hpp" />
		<Unit filename="cat/gfx/LoadBitmap.hpp" />
		<Unit filename="cat/gfx/LoadPNG.hpp" />
		<Unit filename="cat/gfx/Matrix.hpp" />
		<Unit filename="cat/gfx/Quaternion.hpp" />
		<Unit filename="cat/gfx/Scalar.hpp" />
		<Unit filename="cat/gfx/Vector.hpp" />
		<Unit filename="cat/hash/MurmurHash2.hpp" />
		<Unit filename="cat/io/AsyncBuffer.hpp" />
		<Unit filename="cat/io/Base64.hpp" />
		<Unit filename="cat/io/Logging.hpp" />
		<Unit filename="cat/io/MMapFile.hpp" />
		<Unit filename="cat/io/PackageManager.hpp" />
		<Unit filename="cat/io/Settings.hpp" />
		<Unit filename="cat/io/ThreadPoolFiles.hpp" />
		<Unit filename="cat/lang/Strings.hpp" />
		<Unit filename="cat/math/BigMontgomery.hpp" />
		<Unit filename="cat/math/BigPseudoMersenne.hpp" />
		<Unit filename="cat/math/BigRTL.hpp" />
		<Unit filename="cat/math/BigTwistedEdwards.hpp" />
		<Unit filename="cat/math/BitMath.hpp" />
		<Unit filename="cat/math/Legs.hpp" />
		<Unit filename="cat/net/DNSClient.hpp" />
		<Unit filename="cat/net/Sockets.hpp" />
		<Unit filename="cat/net/SphynxClient.hpp" />
		<Unit filename="cat/net/SphynxCollexion.hpp" />
		<Unit filename="cat/net/SphynxServer.hpp" />
		<Unit filename="cat/net/SphynxTransport.hpp" />
		<Unit filename="cat/net/ThreadPoolSockets.hpp" />
		<Unit filename="cat/net/bsd/TCPClient.hpp" />
		<Unit filename="cat/net/bsd/TCPConnection.hpp" />
		<Unit filename="cat/net/bsd/TCPServer.hpp" />
		<Unit filename="cat/net/bsd/UDPEndpoint.hpp" />
		<Unit filename="cat/net/generic/TCPClient.hpp" />
		<Unit filename="cat/net/generic/TCPConnection.hpp" />
		<Unit filename="cat/net/generic/TCPServer.hpp" />
		<Unit filename="cat/net/generic/UDPEndpoint.hpp" />
		<Unit filename="cat/net/linux/TCPClient.hpp" />
		<Unit filename="cat/net/linux/TCPConnection.hpp" />
		<Unit filename="cat/net/linux/TCPServer.hpp" />
		<Unit filename="cat/net/linux/UDPEndpoint.hpp" />
		<Unit filename="cat/net/win/TCPClient.hpp" />
		<Unit filename="cat/net/win/TCPConnection.hpp" />
		<Unit filename="cat/net/win/TCPConnexion.hpp" />
		<Unit filename="cat/net/win/TCPServer.hpp" />
		<Unit filename="cat/net/win/UDPEndpoint.hpp" />
		<Unit filename="cat/parse/BitStream.hpp" />
		<Unit filename="cat/parse/BufferStream.hpp" />
		<Unit filename="cat/parse/BufferTok.hpp" />
		<Unit filename="cat/parse/FastDelegate.h" />
		<Unit filename="cat/parse/MessageRouter.hpp" />
		<Unit filename="cat/port/AlignedAlloc.hpp" />
		<Unit filename="cat/port/EndianNeutral.hpp" />
		<Unit filename="cat/port/FastDelegate.h" />
		<Unit filename="cat/port/WindowsInclude.hpp" />
		<Unit filename="cat/rand/IRandom.hpp" />
		<Unit filename="cat/rand/MersenneTwister.hpp" />
		<Unit filename="cat/rand/StdRand.hpp" />
		<Unit filename="cat/src/Framework.cpp" />
		<Unit filename="cat/src/codec/RangeCoder.cpp" />
		<Unit filename="cat/src/crypt/SecureCompare.cpp" />
		<Unit filename="cat/src/crypt/cookie/CookieJar.cpp" />
		<Unit filename="cat/src/crypt/hash/HMAC_MD5.cpp" />
		<Unit filename="cat/src/crypt/hash/Skein.cpp" />
		<Unit filename="cat/src/crypt/hash/Skein256.cpp" />
		<Unit filename="cat/src/crypt/hash/Skein512.cpp" />
		<Unit filename="cat/src/crypt/pass/Passwords.cpp" />
		<Unit filename="cat/src/crypt/privatekey/ChaCha.cpp" />
		<Unit filename="cat/src/crypt/rand/EntropyGeneric.cpp" />
		<Unit filename="cat/src/crypt/rand/EntropyLinux.cpp" />
		<Unit filename="cat/src/crypt/rand/EntropyWindows.cpp" />
		<Unit filename="cat/src/crypt/rand/EntropyWindowsCE.cpp" />
		<Unit filename="cat/src/crypt/rand/Fortuna.cpp" />
		<Unit filename="cat/src/crypt/tunnel/AuthenticatedEncryption.cpp" />
		<Unit filename="cat/src/crypt/tunnel/EasyHandshake.cpp" />
		<Unit filename="cat/src/crypt/tunnel/KeyAgreement.cpp" />
		<Unit filename="cat/src/crypt/tunnel/KeyAgreementInitiator.cpp" />
		<Unit filename="cat/src/crypt/tunnel/KeyAgreementResponder.cpp" />
		<Unit filename="cat/src/crypt/tunnel/KeyMaker.cpp" />
		<Unit filename="cat/src/db/BombayTable.cpp" />
		<Unit filename="cat/src/db/BombayTableIndex.cpp" />
		<Unit filename="cat/src/gfx/LoadBitmap.cpp" />
		<Unit filename="cat/src/gfx/LoadPNG.cpp" />
		<Unit filename="cat/src/gfx/Matrix.cpp" />
		<Unit filename="cat/src/gfx/Quaternion.cpp" />
		<Unit filename="cat/src/gfx/Scalar.cpp" />
		<Unit filename="cat/src/gfx/Vector.cpp" />
		<Unit filename="cat/src/hash/MurmurHash2.cpp" />
		<Unit filename="cat/src/io/Base64.cpp" />
		<Unit filename="cat/src/io/Logging.cpp" />
		<Unit filename="cat/src/io/MMapFile.cpp" />
		<Unit filename="cat/src/io/PackageManager.cpp" />
		<Unit filename="cat/src/io/Settings.cpp" />
		<Unit filename="cat/src/io/ThreadPoolFiles.cpp" />
		<Unit filename="cat/src/lang/Strings.cpp" />
		<Unit filename="cat/src/math/BigMontgomery.cpp" />
		<Unit filename="cat/src/math/BigPseudoMersenne.cpp" />
		<Unit filename="cat/src/math/BigRTL.cpp" />
		<Unit filename="cat/src/math/BigTwistedEdwards.cpp" />
		<Unit filename="cat/src/math/big_x64_elf.asm" />
		<Unit filename="cat/src/math/big_x64_mscoff.asm" />
		<Unit filename="cat/src/math/edward/addsub/PtAdd.cpp" />
		<Unit filename="cat/src/math/edward/addsub/PtDouble.cpp" />
		<Unit filename="cat/src/math/edward/addsub/PtDoubleZ1.cpp" />
		<Unit filename="cat/src/math/edward/addsub/PtNegate.cpp" />
		<Unit filename="cat/src/math/edward/addsub/PtSubtract.cpp" />
		<Unit filename="cat/src/math/edward/io/PtFillRandomX.cpp" />
		<Unit filename="cat/src/math/edward/io/PtGenerate.cpp" />
		<Unit filename="cat/src/math/edward/io/PtNormalize.cpp" />
		<Unit filename="cat/src/math/edward/io/PtSolveAffineY.cpp" />
		<Unit filename="cat/src/math/edward/io/PtValidAffine.cpp" />
		<Unit filename="cat/src/math/edward/io/SaveAffineX.cpp" />
		<Unit filename="cat/src/math/edward/io/SaveAffineXY.cpp" />
		<Unit filename="cat/src/math/edward/mul/PtMultiply.cpp" />
		<Unit filename="cat/src/math/edward/mul/PtMultiplyPrecomp.cpp" />
		<Unit filename="cat/src/math/edward/mul/PtPrecompAddSub.cpp" />
		<Unit filename="cat/src/math/edward/mul/RefMul.cpp" />
		<Unit filename="cat/src/math/mersenne/addsub/MrAdd.cpp" />
		<Unit filename="cat/src/math/mersenne/addsub/MrNegate.cpp" />
		<Unit filename="cat/src/math/mersenne/addsub/MrSubtract.cpp" />
		<Unit filename="cat/src/math/mersenne/expm/MrInvert.cpp" />
		<Unit filename="cat/src/math/mersenne/expm/MrSquareRoot.cpp" />
		<Unit filename="cat/src/math/mersenne/mul/MrMultiply.cpp" />
		<Unit filename="cat/src/math/mersenne/mul/MrMultiplyX.cpp" />
		<Unit filename="cat/src/math/mersenne/mul/MrSquare.cpp" />
		<Unit filename="cat/src/math/mersenne/reduce/MrReduce.cpp" />
		<Unit filename="cat/src/math/mersenne/reduce/MrReduceProduct.cpp" />
		<Unit filename="cat/src/math/montgomery/addsub/MonAdd.cpp" />
		<Unit filename="cat/src/math/montgomery/addsub/MonNegate.cpp" />
		<Unit filename="cat/src/math/montgomery/addsub/MonSubtract.cpp" />
		<Unit filename="cat/src/math/montgomery/expm/IsRabinMillerPrime.cpp" />
		<Unit filename="cat/src/math/montgomery/expm/MonExpMod.cpp" />
		<Unit filename="cat/src/math/montgomery/mul/MonMultiply.cpp" />
		<Unit filename="cat/src/math/montgomery/mul/MonSquare.cpp" />
		<Unit filename="cat/src/math/montgomery/reduce/MonInput.cpp" />
		<Unit filename="cat/src/math/montgomery/reduce/MonOutput.cpp" />
		<Unit filename="cat/src/math/montgomery/reduce/MonReduceProduct.cpp" />
		<Unit filename="cat/src/math/rtl/addsub/Add.cpp" />
		<Unit filename="cat/src/math/rtl/addsub/Add1.cpp" />
		<Unit filename="cat/src/math/rtl/addsub/AddX.cpp" />
		<Unit filename="cat/src/math/rtl/addsub/Compare.cpp" />
		<Unit filename="cat/src/math/rtl/addsub/Double.cpp" />
		<Unit filename="cat/src/math/rtl/addsub/DoubleAdd.cpp" />
		<Unit filename="cat/src/math/rtl/addsub/Negate.cpp" />
		<Unit filename="cat/src/math/rtl/addsub/Shift.cpp" />
		<Unit filename="cat/src/math/rtl/addsub/Subtract.cpp" />
		<Unit filename="cat/src/math/rtl/addsub/SubtractX.cpp" />
		<Unit filename="cat/src/math/rtl/div/Divide.cpp" />
		<Unit filename="cat/src/math/rtl/div/DivideAsm64.cpp" />
		<Unit filename="cat/src/math/rtl/div/DivideGeneric.cpp" />
		<Unit filename="cat/src/math/rtl/div/EatTrailingZeroes.cpp" />
		<Unit filename="cat/src/math/rtl/div/ModularInverse.cpp" />
		<Unit filename="cat/src/math/rtl/div/MulMod.cpp" />
		<Unit filename="cat/src/math/rtl/div/MultiplicativeInverse.cpp" />
		<Unit filename="cat/src/math/rtl/io/Load.cpp" />
		<Unit filename="cat/src/math/rtl/io/LoadString.cpp" />
		<Unit filename="cat/src/math/rtl/io/Save.cpp" />
		<Unit filename="cat/src/math/rtl/mul/CombaMul.cpp" />
		<Unit filename="cat/src/math/rtl/mul/Multiply.cpp" />
		<Unit filename="cat/src/math/rtl/mul/MultiplyX.cpp" />
		<Unit filename="cat/src/math/rtl/mul/MultiplyXAdd.cpp" />
		<Unit filename="cat/src/math/rtl/mul/Square.cpp" />
		<Unit filename="cat/src/net/DNSClient.cpp" />
		<Unit filename="cat/src/net/Sockets.cpp" />
		<Unit filename="cat/src/net/SphynxClient.cpp" />
		<Unit filename="cat/src/net/SphynxServer.cpp" />
		<Unit filename="cat/src/net/SphynxTransport.cpp" />
		<Unit filename="cat/src/net/ThreadPoolSockets.cpp" />
		<Unit filename="cat/src/net/bsd/ThreadPoolTCPClient.cpp" />
		<Unit filename="cat/src/net/bsd/ThreadPoolTCPConnection.cpp" />
		<Unit filename="cat/src/net/bsd/ThreadPoolTCPServer.cpp" />
		<Unit filename="cat/src/net/bsd/ThreadPoolUDPEndpoint.cpp" />
		<Unit filename="cat/src/net/generic/ThreadPoolTCPClient.cpp" />
		<Unit filename="cat/src/net/generic/ThreadPoolTCPConnection.cpp" />
		<Unit filename="cat/src/net/generic/ThreadPoolTCPServer.cpp" />
		<Unit filename="cat/src/net/generic/ThreadPoolUDPEndpoint.cpp" />
		<Unit filename="cat/src/net/linux/ThreadPoolTCPClient.cpp" />
		<Unit filename="cat/src/net/linux/ThreadPoolTCPConnection.cpp" />
		<Unit filename="cat/src/net/linux/ThreadPoolTCPServer.cpp" />
		<Unit filename="cat/src/net/linux/ThreadPoolUDPEndpoint.cpp" />
		<Unit filename="cat/src/net/win/TCPClient.cpp" />
		<Unit filename="cat/src/net/win/TCPConnection.cpp" />
		<Unit filename="cat/src/net/win/TCPConnexion.cpp" />
		<Unit filename="cat/src/net/win/TCPServer.cpp" />
		<Unit filename="cat/src/net/win/UDPEndpoint.cpp" />
		<Unit filename="cat/src/parse/BitStream.cpp" />
		<Unit filename="cat/src/parse/BufferTok.cpp" />
		<Unit filename="cat/src/parse/MessageRouter.cpp" />
		<Unit filename="cat/src/port/AlignedAlloc.cpp" />
		<Unit filename="cat/src/port/EndianNeutral.cpp" />
		<Unit filename="cat/src/rand/MersenneTwister.cpp" />
		<Unit filename="cat/src/rand/StdRand.cpp" />
		<Unit filename="cat/src/threads/Mutex.cpp" />
		<Unit filename="cat/src/threads/RWLock.cpp" />
		<Unit filename="cat/src/threads/RegionAllocator.cpp" />
		<Unit filename="cat/src/threads/Thread.cpp" />
		<Unit filename="cat/src/threads/ThreadPool.cpp" />
		<Unit filename="cat/src/threads/WaitableFlag.cpp" />
		<Unit filename="cat/src/time/Clock.cpp" />
		<Unit filename="cat/threads/Atomic.hpp" />
		<Unit filename="cat/threads/LocklessFIFO.hpp" />
		<Unit filename="cat/threads/Mutex.hpp" />
		<Unit filename="cat/threads/RWLock.hpp" />
		<Unit filename="cat/threads/RegionAllocator.hpp" />
		<Unit filename="cat/threads/Thread.hpp" />
		<Unit filename="cat/threads/ThreadPool.hpp" />
		<Unit filename="cat/threads/WaitableFlag.hpp" />
		<Unit filename="cat/time/Clock.hpp" />
		<Unit filename="gettimeofday.cpp" />
		<Unit filename="gettimeofday.h" />
		<Unit filename="makefile" />
		<Unit filename="rdlmalloc-options.h" />
		<Unit filename="rdlmalloc.cpp" />
		<Unit filename="rdlmalloc.h" />
		<Extensions>
			<code_completion />
			<envvars />
			<debugger />
			<lib_finder disable_auto="1" />
		</Extensions>
	</Project>
</CodeBlocks_project_file>
