<?xml version="1.0" encoding="UTF-8" standalone="yes" ?>
<CodeBlocks_project_file>
	<FileVersion major="1" minor="6" />
	<Project>
		<Option title="vaultgui" />
		<Option pch_mode="2" />
		<Option compiler="gcc" />
		<Build>
			<Target title="Release">
				<Option output="vaultgui" prefix_auto="1" extension_auto="1" />
				<Option object_output="obj\" />
				<Option type="3" />
				<Option compiler="gcc" />
				<Option createDefFile="1" />
				<Option createStaticLib="1" />
				<Compiler>
					<Add option="-Wredundant-decls" />
					<Add option="-Wunreachable-code" />
				</Compiler>
			</Target>
		</Build>
		<Compiler>
			<Add directory="cegui" />
		</Compiler>
		<Linker>
			<Add option="-s" />
			<Add option="-static-libgcc" />
			<Add option="-static-libstdc++" />
			<Add option="-enable-auto-import" />
			<Add option="--no-export-all-symbols --add-stdcall-alias" />
			<Add library="C:\Program Files (x86)\CodeBlocks\MinGW\lib\libwinmm.a" />
			<Add library="C:\Program Files (x86)\CodeBlocks\MinGW\lib\libshlwapi.a" />
			<Add library="cegui\lib\libexpat.a" />
			<Add library="cegui\lib\libfreetype.a" />
			<Add library="cegui\lib\libpcre.a" />
			<Add library="cegui\lib\libSILLY.a" />
			<Add library="cegui\lib\libjpeg.a" />
			<Add library="cegui\lib\libpng.a" />
			<Add library="cegui\lib\libzlib.a" />
		</Linker>
		<Unit filename="cegui\CEGUI.h" />
		<Unit filename="cegui\CEGUIAffector.cpp" />
		<Unit filename="cegui\CEGUIAffector.h" />
		<Unit filename="cegui\CEGUIAnimation.cpp" />
		<Unit filename="cegui\CEGUIAnimation.h" />
		<Unit filename="cegui\CEGUIAnimationInstance.cpp" />
		<Unit filename="cegui\CEGUIAnimationInstance.h" />
		<Unit filename="cegui\CEGUIAnimationManager.cpp" />
		<Unit filename="cegui\CEGUIAnimationManager.h" />
		<Unit filename="cegui\CEGUIAnimation_xmlHandler.cpp" />
		<Unit filename="cegui\CEGUIAnimation_xmlHandler.h" />
		<Unit filename="cegui\CEGUIBase.cpp" />
		<Unit filename="cegui\CEGUIBase.h" />
		<Unit filename="cegui\CEGUIBasicInterpolators.cpp" />
		<Unit filename="cegui\CEGUIBasicInterpolators.h" />
		<Unit filename="cegui\CEGUIBasicRenderedStringParser.cpp" />
		<Unit filename="cegui\CEGUIBasicRenderedStringParser.h" />
		<Unit filename="cegui\CEGUIBiDiVisualMapping.cpp" />
		<Unit filename="cegui\CEGUIBiDiVisualMapping.h" />
		<Unit filename="cegui\CEGUIBoundSlot.cpp" />
		<Unit filename="cegui\CEGUIBoundSlot.h" />
		<Unit filename="cegui\CEGUICentredRenderedString.cpp" />
		<Unit filename="cegui\CEGUICentredRenderedString.h" />
		<Unit filename="cegui\CEGUIChainedXMLHandler.cpp" />
		<Unit filename="cegui\CEGUIChainedXMLHandler.h" />
		<Unit filename="cegui\CEGUIColourRect.cpp" />
		<Unit filename="cegui\CEGUIColourRect.h" />
		<Unit filename="cegui\CEGUIConfig.h" />
		<Unit filename="cegui\CEGUIConfig_xmlHandler.cpp" />
		<Unit filename="cegui\CEGUIConfig_xmlHandler.h" />
		<Unit filename="cegui\CEGUICoordConverter.cpp" />
		<Unit filename="cegui\CEGUICoordConverter.h" />
		<Unit filename="cegui\CEGUIDataContainer.cpp" />
		<Unit filename="cegui\CEGUIDataContainer.h" />
		<Unit filename="cegui\CEGUIDefaultLogger.cpp" />
		<Unit filename="cegui\CEGUIDefaultLogger.h" />
		<Unit filename="cegui\CEGUIDefaultRenderedStringParser.cpp" />
		<Unit filename="cegui\CEGUIDefaultRenderedStringParser.h" />
		<Unit filename="cegui\CEGUIDefaultResourceProvider.cpp" />
		<Unit filename="cegui\CEGUIDefaultResourceProvider.h" />
		<Unit filename="cegui\CEGUIDynamicModule.cpp" />
		<Unit filename="cegui\CEGUIDynamicModule.h" />
		<Unit filename="cegui\CEGUIEvent.cpp" />
		<Unit filename="cegui\CEGUIEvent.h" />
		<Unit filename="cegui\CEGUIEventArgs.cpp" />
		<Unit filename="cegui\CEGUIEventArgs.h" />
		<Unit filename="cegui\CEGUIEventSet.cpp" />
		<Unit filename="cegui\CEGUIEventSet.h" />
		<Unit filename="cegui\CEGUIEventSignal.cpp" />
		<Unit filename="cegui\CEGUIEventSignalSet.cpp" />
		<Unit filename="cegui\CEGUIExceptions.cpp" />
		<Unit filename="cegui\CEGUIExceptions.h" />
		<Unit filename="cegui\CEGUIFactoryModule.cpp" />
		<Unit filename="cegui\CEGUIFactoryModule.h" />
		<Unit filename="cegui\CEGUIFont.cpp" />
		<Unit filename="cegui\CEGUIFont.h" />
		<Unit filename="cegui\CEGUIFontGlyph.h" />
		<Unit filename="cegui\CEGUIFontManager.cpp" />
		<Unit filename="cegui\CEGUIFontManager.h" />
		<Unit filename="cegui\CEGUIFontProperties.cpp" />
		<Unit filename="cegui\CEGUIFont_xmlHandler.cpp" />
		<Unit filename="cegui\CEGUIFont_xmlHandler.h" />
		<Unit filename="cegui\CEGUIFormattedRenderedString.cpp" />
		<Unit filename="cegui\CEGUIFormattedRenderedString.h" />
		<Unit filename="cegui\CEGUIForwardRefs.h" />
		<Unit filename="cegui\CEGUIFreeFunctionSlot.h" />
		<Unit filename="cegui\CEGUIFreeTypeFont.cpp" />
		<Unit filename="cegui\CEGUIFreeTypeFont.h" />
		<Unit filename="cegui\CEGUIFribidiVisualMapping.cpp" />
		<Unit filename="cegui\CEGUIFribidiVisualMapping.h" />
		<Unit filename="cegui\CEGUIFunctorCopySlot.h" />
		<Unit filename="cegui\CEGUIFunctorPointerSlot.h" />
		<Unit filename="cegui\CEGUIFunctorReferenceBinder.h" />
		<Unit filename="cegui\CEGUIFunctorReferenceSlot.h" />
		<Unit filename="cegui\CEGUIGUILayout_xmlHandler.cpp" />
		<Unit filename="cegui\CEGUIGUILayout_xmlHandler.h" />
		<Unit filename="cegui\CEGUIGeometryBuffer.cpp" />
		<Unit filename="cegui\CEGUIGeometryBuffer.h" />
		<Unit filename="cegui\CEGUIGlobalEventSet.cpp" />
		<Unit filename="cegui\CEGUIGlobalEventSet.h" />
		<Unit filename="cegui\CEGUIImage.cpp" />
		<Unit filename="cegui\CEGUIImage.h" />
		<Unit filename="cegui\CEGUIImageCodec.cpp" />
		<Unit filename="cegui\CEGUIImageCodec.h" />
		<Unit filename="cegui\CEGUIImageset.cpp" />
		<Unit filename="cegui\CEGUIImageset.h" />
		<Unit filename="cegui\CEGUIImagesetManager.cpp" />
		<Unit filename="cegui\CEGUIImagesetManager.h" />
		<Unit filename="cegui\CEGUIImageset_xmlHandler.cpp" />
		<Unit filename="cegui\CEGUIImageset_xmlHandler.h" />
		<Unit filename="cegui\CEGUIInputEvent.h" />
		<Unit filename="cegui\CEGUIInterpolator.h" />
		<Unit filename="cegui\CEGUIIteratorBase.h" />
		<Unit filename="cegui\CEGUIJustifiedRenderedString.cpp" />
		<Unit filename="cegui\CEGUIJustifiedRenderedString.h" />
		<Unit filename="cegui\CEGUIJustifiedRenderedStringWordWrapper.cpp" />
		<Unit filename="cegui\CEGUIKeyFrame.cpp" />
		<Unit filename="cegui\CEGUIKeyFrame.h" />
		<Unit filename="cegui\CEGUILeftAlignedRenderedString.cpp" />
		<Unit filename="cegui\CEGUILeftAlignedRenderedString.h" />
		<Unit filename="cegui\CEGUILogger.cpp" />
		<Unit filename="cegui\CEGUILogger.h" />
		<Unit filename="cegui\CEGUIMemberFunctionSlot.h" />
		<Unit filename="cegui\CEGUIMinibidiVisualMapping.cpp" />
		<Unit filename="cegui\CEGUIMinibidiVisualMapping.h" />
		<Unit filename="cegui\CEGUIMinizipResourceProvider.cpp" />
		<Unit filename="cegui\CEGUIMinizipResourceProvider.h" />
		<Unit filename="cegui\CEGUIMouseCursor.cpp" />
		<Unit filename="cegui\CEGUIMouseCursor.h" />
		<Unit filename="cegui\CEGUINamedXMLResourceManager.cpp" />
		<Unit filename="cegui\CEGUINamedXMLResourceManager.h" />
		<Unit filename="cegui\CEGUIPCRERegexMatcher.cpp" />
		<Unit filename="cegui\CEGUIPCRERegexMatcher.h" />
		<Unit filename="cegui\CEGUIPixmapFont.cpp" />
		<Unit filename="cegui\CEGUIPixmapFont.h" />
		<Unit filename="cegui\CEGUIProperty.cpp" />
		<Unit filename="cegui\CEGUIProperty.h" />
		<Unit filename="cegui\CEGUIPropertyHelper.cpp" />
		<Unit filename="cegui\CEGUIPropertyHelper.h" />
		<Unit filename="cegui\CEGUIPropertySet.cpp" />
		<Unit filename="cegui\CEGUIPropertySet.h" />
		<Unit filename="cegui\CEGUIRect.cpp" />
		<Unit filename="cegui\CEGUIRect.h" />
		<Unit filename="cegui\CEGUIRefCounted.h" />
		<Unit filename="cegui\CEGUIRegexMatcher.h" />
		<Unit filename="cegui\CEGUIRenderEffect.h" />
		<Unit filename="cegui\CEGUIRenderEffectFactory.h" />
		<Unit filename="cegui\CEGUIRenderEffectManager.cpp" />
		<Unit filename="cegui\CEGUIRenderEffectManager.h" />
		<Unit filename="cegui\CEGUIRenderQueue.cpp" />
		<Unit filename="cegui\CEGUIRenderQueue.h" />
		<Unit filename="cegui\CEGUIRenderTarget.h" />
		<Unit filename="cegui\CEGUIRenderedString.cpp" />
		<Unit filename="cegui\CEGUIRenderedString.h" />
		<Unit filename="cegui\CEGUIRenderedStringComponent.cpp" />
		<Unit filename="cegui\CEGUIRenderedStringComponent.h" />
		<Unit filename="cegui\CEGUIRenderedStringImageComponent.cpp" />
		<Unit filename="cegui\CEGUIRenderedStringImageComponent.h" />
		<Unit filename="cegui\CEGUIRenderedStringParser.h" />
		<Unit filename="cegui\CEGUIRenderedStringTextComponent.cpp" />
		<Unit filename="cegui\CEGUIRenderedStringTextComponent.h" />
		<Unit filename="cegui\CEGUIRenderedStringWidgetComponent.cpp" />
		<Unit filename="cegui\CEGUIRenderedStringWidgetComponent.h" />
		<Unit filename="cegui\CEGUIRenderedStringWordWrapper.h" />
		<Unit filename="cegui\CEGUIRenderer.h" />
		<Unit filename="cegui\CEGUIRenderingContext.h" />
		<Unit filename="cegui\CEGUIRenderingRoot.cpp" />
		<Unit filename="cegui\CEGUIRenderingRoot.h" />
		<Unit filename="cegui\CEGUIRenderingSurface.cpp" />
		<Unit filename="cegui\CEGUIRenderingSurface.h" />
		<Unit filename="cegui\CEGUIRenderingWindow.cpp" />
		<Unit filename="cegui\CEGUIRenderingWindow.h" />
		<Unit filename="cegui\CEGUIResourceProvider.h" />
		<Unit filename="cegui\CEGUIRightAlignedRenderedString.cpp" />
		<Unit filename="cegui\CEGUIRightAlignedRenderedString.h" />
		<Unit filename="cegui\CEGUIScheme.cpp" />
		<Unit filename="cegui\CEGUIScheme.h" />
		<Unit filename="cegui\CEGUISchemeManager.cpp" />
		<Unit filename="cegui\CEGUISchemeManager.h" />
		<Unit filename="cegui\CEGUIScheme_xmlHandler.cpp" />
		<Unit filename="cegui\CEGUIScheme_xmlHandler.h" />
		<Unit filename="cegui\CEGUIScriptModule.cpp" />
		<Unit filename="cegui\CEGUIScriptModule.h" />
		<Unit filename="cegui\CEGUISingleton.h" />
		<Unit filename="cegui\CEGUISize.cpp" />
		<Unit filename="cegui\CEGUISize.h" />
		<Unit filename="cegui\CEGUISlotFunctorBase.h" />
		<Unit filename="cegui\CEGUIString.cpp" />
		<Unit filename="cegui\CEGUIString.h" />
		<Unit filename="cegui\CEGUISubscriberSlot.cpp" />
		<Unit filename="cegui\CEGUISubscriberSlot.h" />
		<Unit filename="cegui\CEGUISystem.cpp" />
		<Unit filename="cegui\CEGUISystem.h" />
		<Unit filename="cegui\CEGUITextUtils.cpp" />
		<Unit filename="cegui\CEGUITextUtils.h" />
		<Unit filename="cegui\CEGUITexture.h" />
		<Unit filename="cegui\CEGUITextureTarget.h" />
		<Unit filename="cegui\CEGUITplWRFactoryRegisterer.h" />
		<Unit filename="cegui\CEGUITplWindowFactory.h" />
		<Unit filename="cegui\CEGUITplWindowRendererFactory.h" />
		<Unit filename="cegui\CEGUIUDim.h" />
		<Unit filename="cegui\CEGUIVector.h" />
		<Unit filename="cegui\CEGUIVersion.h" />
		<Unit filename="cegui\CEGUIVertex.h" />
		<Unit filename="cegui\CEGUIWRFactoryRegisterer.cpp" />
		<Unit filename="cegui\CEGUIWRFactoryRegisterer.h" />
		<Unit filename="cegui\CEGUIWidgetModule.h" />
		<Unit filename="cegui\CEGUIWindow.cpp" />
		<Unit filename="cegui\CEGUIWindow.h" />
		<Unit filename="cegui\CEGUIWindowFactory.cpp" />
		<Unit filename="cegui\CEGUIWindowFactory.h" />
		<Unit filename="cegui\CEGUIWindowFactoryManager.cpp" />
		<Unit filename="cegui\CEGUIWindowFactoryManager.h" />
		<Unit filename="cegui\CEGUIWindowManager.cpp" />
		<Unit filename="cegui\CEGUIWindowManager.h" />
		<Unit filename="cegui\CEGUIWindowProperties.cpp" />
		<Unit filename="cegui\CEGUIWindowProperties.h" />
		<Unit filename="cegui\CEGUIWindowRenderer.cpp" />
		<Unit filename="cegui\CEGUIWindowRenderer.h" />
		<Unit filename="cegui\CEGUIWindowRendererManager.cpp" />
		<Unit filename="cegui\CEGUIWindowRendererManager.h" />
		<Unit filename="cegui\CEGUIWindowRendererModule.cpp" />
		<Unit filename="cegui\CEGUIWindowRendererModule.h" />
		<Unit filename="cegui\CEGUIXMLAttributes.cpp" />
		<Unit filename="cegui\CEGUIXMLAttributes.h" />
		<Unit filename="cegui\CEGUIXMLHandler.cpp" />
		<Unit filename="cegui\CEGUIXMLHandler.h" />
		<Unit filename="cegui\CEGUIXMLParser.cpp" />
		<Unit filename="cegui\CEGUIXMLParser.h" />
		<Unit filename="cegui\CEGUIXMLSerializer.cpp" />
		<Unit filename="cegui\CEGUIXMLSerializer.h" />
		<Unit filename="cegui\CEGUIcolour.cpp" />
		<Unit filename="cegui\CEGUIcolour.h" />
		<Unit filename="cegui\ImageCodecModules\SILLYImageCodec\CEGUISILLYImageCodec.cpp" />
		<Unit filename="cegui\ImageCodecModules\SILLYImageCodec\CEGUISILLYImageCodec.h" />
		<Unit filename="cegui\ImageCodecModules\SILLYImageCodec\CEGUISILLYImageCodecModule.cpp" />
		<Unit filename="cegui\ImageCodecModules\SILLYImageCodec\CEGUISILLYImageCodecModule.h" />
		<Unit filename="cegui\WindowRendererSets\Falagard\FalButton.cpp" />
		<Unit filename="cegui\WindowRendererSets\Falagard\FalButton.h" />
		<Unit filename="cegui\WindowRendererSets\Falagard\FalDefault.cpp" />
		<Unit filename="cegui\WindowRendererSets\Falagard\FalDefault.h" />
		<Unit filename="cegui\WindowRendererSets\Falagard\FalEditbox.cpp" />
		<Unit filename="cegui\WindowRendererSets\Falagard\FalEditbox.h" />
		<Unit filename="cegui\WindowRendererSets\Falagard\FalEditboxProperties.cpp" />
		<Unit filename="cegui\WindowRendererSets\Falagard\FalEditboxProperties.h" />
		<Unit filename="cegui\WindowRendererSets\Falagard\FalFrameWindow.cpp" />
		<Unit filename="cegui\WindowRendererSets\Falagard\FalFrameWindow.h" />
		<Unit filename="cegui\WindowRendererSets\Falagard\FalItemEntry.cpp" />
		<Unit filename="cegui\WindowRendererSets\Falagard\FalItemEntry.h" />
		<Unit filename="cegui\WindowRendererSets\Falagard\FalItemListbox.cpp" />
		<Unit filename="cegui\WindowRendererSets\Falagard\FalItemListbox.h" />
		<Unit filename="cegui\WindowRendererSets\Falagard\FalListHeader.cpp" />
		<Unit filename="cegui\WindowRendererSets\Falagard\FalListHeader.h" />
		<Unit filename="cegui\WindowRendererSets\Falagard\FalListHeaderProperties.cpp" />
		<Unit filename="cegui\WindowRendererSets\Falagard\FalListHeaderProperties.h" />
		<Unit filename="cegui\WindowRendererSets\Falagard\FalListHeaderSegment.cpp" />
		<Unit filename="cegui\WindowRendererSets\Falagard\FalListHeaderSegment.h" />
		<Unit filename="cegui\WindowRendererSets\Falagard\FalListbox.cpp" />
		<Unit filename="cegui\WindowRendererSets\Falagard\FalListbox.h" />
		<Unit filename="cegui\WindowRendererSets\Falagard\FalMenuItem.cpp" />
		<Unit filename="cegui\WindowRendererSets\Falagard\FalMenuItem.h" />
		<Unit filename="cegui\WindowRendererSets\Falagard\FalMenubar.cpp" />
		<Unit filename="cegui\WindowRendererSets\Falagard\FalMenubar.h" />
		<Unit filename="cegui\WindowRendererSets\Falagard\FalModule.cpp" />
		<Unit filename="cegui\WindowRendererSets\Falagard\FalModule.h" />
		<Unit filename="cegui\WindowRendererSets\Falagard\FalMultiColumnList.cpp" />
		<Unit filename="cegui\WindowRendererSets\Falagard\FalMultiColumnList.h" />
		<Unit filename="cegui\WindowRendererSets\Falagard\FalMultiLineEditbox.cpp" />
		<Unit filename="cegui\WindowRendererSets\Falagard\FalMultiLineEditbox.h" />
		<Unit filename="cegui\WindowRendererSets\Falagard\FalMultiLineEditboxProperties.cpp" />
		<Unit filename="cegui\WindowRendererSets\Falagard\FalMultiLineEditboxProperties.h" />
		<Unit filename="cegui\WindowRendererSets\Falagard\FalPopupMenu.cpp" />
		<Unit filename="cegui\WindowRendererSets\Falagard\FalPopupMenu.h" />
		<Unit filename="cegui\WindowRendererSets\Falagard\FalProgressBar.cpp" />
		<Unit filename="cegui\WindowRendererSets\Falagard\FalProgressBar.h" />
		<Unit filename="cegui\WindowRendererSets\Falagard\FalProgressBarProperties.cpp" />
		<Unit filename="cegui\WindowRendererSets\Falagard\FalProgressBarProperties.h" />
		<Unit filename="cegui\WindowRendererSets\Falagard\FalScrollablePane.cpp" />
		<Unit filename="cegui\WindowRendererSets\Falagard\FalScrollablePane.h" />
		<Unit filename="cegui\WindowRendererSets\Falagard\FalScrollbar.cpp" />
		<Unit filename="cegui\WindowRendererSets\Falagard\FalScrollbar.h" />
		<Unit filename="cegui\WindowRendererSets\Falagard\FalScrollbarProperties.cpp" />
		<Unit filename="cegui\WindowRendererSets\Falagard\FalScrollbarProperties.h" />
		<Unit filename="cegui\WindowRendererSets\Falagard\FalSlider.cpp" />
		<Unit filename="cegui\WindowRendererSets\Falagard\FalSlider.h" />
		<Unit filename="cegui\WindowRendererSets\Falagard\FalSliderProperties.cpp" />
		<Unit filename="cegui\WindowRendererSets\Falagard\FalSliderProperties.h" />
		<Unit filename="cegui\WindowRendererSets\Falagard\FalStatic.cpp" />
		<Unit filename="cegui\WindowRendererSets\Falagard\FalStatic.h" />
		<Unit filename="cegui\WindowRendererSets\Falagard\FalStaticImage.cpp" />
		<Unit filename="cegui\WindowRendererSets\Falagard\FalStaticImage.h" />
		<Unit filename="cegui\WindowRendererSets\Falagard\FalStaticImageProperties.cpp" />
		<Unit filename="cegui\WindowRendererSets\Falagard\FalStaticImageProperties.h" />
		<Unit filename="cegui\WindowRendererSets\Falagard\FalStaticProperties.cpp" />
		<Unit filename="cegui\WindowRendererSets\Falagard\FalStaticProperties.h" />
		<Unit filename="cegui\WindowRendererSets\Falagard\FalStaticText.cpp" />
		<Unit filename="cegui\WindowRendererSets\Falagard\FalStaticText.h" />
		<Unit filename="cegui\WindowRendererSets\Falagard\FalStaticTextProperties.cpp" />
		<Unit filename="cegui\WindowRendererSets\Falagard\FalStaticTextProperties.h" />
		<Unit filename="cegui\WindowRendererSets\Falagard\FalSystemButton.cpp" />
		<Unit filename="cegui\WindowRendererSets\Falagard\FalSystemButton.h" />
		<Unit filename="cegui\WindowRendererSets\Falagard\FalTabButton.cpp" />
		<Unit filename="cegui\WindowRendererSets\Falagard\FalTabButton.h" />
		<Unit filename="cegui\WindowRendererSets\Falagard\FalTabControl.cpp" />
		<Unit filename="cegui\WindowRendererSets\Falagard\FalTabControl.h" />
		<Unit filename="cegui\WindowRendererSets\Falagard\FalTabControlProperties.cpp" />
		<Unit filename="cegui\WindowRendererSets\Falagard\FalTabControlProperties.h" />
		<Unit filename="cegui\WindowRendererSets\Falagard\FalTitlebar.cpp" />
		<Unit filename="cegui\WindowRendererSets\Falagard\FalTitlebar.h" />
		<Unit filename="cegui\WindowRendererSets\Falagard\FalToggleButton.cpp" />
		<Unit filename="cegui\WindowRendererSets\Falagard\FalToggleButton.h" />
		<Unit filename="cegui\WindowRendererSets\Falagard\FalTooltip.cpp" />
		<Unit filename="cegui\WindowRendererSets\Falagard\FalTooltip.h" />
		<Unit filename="cegui\WindowRendererSets\Falagard\FalTree.cpp" />
		<Unit filename="cegui\WindowRendererSets\Falagard\FalTree.h" />
		<Unit filename="cegui\XMLParserModules\ExpatParser\CEGUIExpatParser.cpp" />
		<Unit filename="cegui\XMLParserModules\ExpatParser\CEGUIExpatParser.h" />
		<Unit filename="cegui\XMLParserModules\ExpatParser\CEGUIExpatParserModule.cpp" />
		<Unit filename="cegui\XMLParserModules\ExpatParser\CEGUIExpatParserModule.h" />
		<Unit filename="cegui\elements\CEGUIAll.h" />
		<Unit filename="cegui\elements\CEGUIButtonBase.cpp" />
		<Unit filename="cegui\elements\CEGUIButtonBase.h" />
		<Unit filename="cegui\elements\CEGUICheckbox.cpp" />
		<Unit filename="cegui\elements\CEGUICheckbox.h" />
		<Unit filename="cegui\elements\CEGUICheckboxProperties.cpp" />
		<Unit filename="cegui\elements\CEGUICheckboxProperties.h" />
		<Unit filename="cegui\elements\CEGUIClippedContainer.cpp" />
		<Unit filename="cegui\elements\CEGUIClippedContainer.h" />
		<Unit filename="cegui\elements\CEGUIComboDropList.cpp" />
		<Unit filename="cegui\elements\CEGUIComboDropList.h" />
		<Unit filename="cegui\elements\CEGUICombobox.cpp" />
		<Unit filename="cegui\elements\CEGUICombobox.h" />
		<Unit filename="cegui\elements\CEGUIComboboxProperties.cpp" />
		<Unit filename="cegui\elements\CEGUIComboboxProperties.h" />
		<Unit filename="cegui\elements\CEGUIDragContainer.cpp" />
		<Unit filename="cegui\elements\CEGUIDragContainer.h" />
		<Unit filename="cegui\elements\CEGUIDragContainerProperties.cpp" />
		<Unit filename="cegui\elements\CEGUIDragContainerProperties.h" />
		<Unit filename="cegui\elements\CEGUIEditbox.cpp" />
		<Unit filename="cegui\elements\CEGUIEditbox.h" />
		<Unit filename="cegui\elements\CEGUIEditboxProperties.cpp" />
		<Unit filename="cegui\elements\CEGUIEditboxProperties.h" />
		<Unit filename="cegui\elements\CEGUIFrameWindow.cpp" />
		<Unit filename="cegui\elements\CEGUIFrameWindow.h" />
		<Unit filename="cegui\elements\CEGUIFrameWindowProperties.cpp" />
		<Unit filename="cegui\elements\CEGUIFrameWindowProperties.h" />
		<Unit filename="cegui\elements\CEGUIGUISheet.cpp" />
		<Unit filename="cegui\elements\CEGUIGUISheet.h" />
		<Unit filename="cegui\elements\CEGUIGridLayoutContainer.cpp" />
		<Unit filename="cegui\elements\CEGUIGridLayoutContainer.h" />
		<Unit filename="cegui\elements\CEGUIGridLayoutContainerProperties.cpp" />
		<Unit filename="cegui\elements\CEGUIGridLayoutContainerProperties.h" />
		<Unit filename="cegui\elements\CEGUIGroupBox.cpp" />
		<Unit filename="cegui\elements\CEGUIGroupBox.h" />
		<Unit filename="cegui\elements\CEGUIHorizontalLayoutContainer.cpp" />
		<Unit filename="cegui\elements\CEGUIHorizontalLayoutContainer.h" />
		<Unit filename="cegui\elements\CEGUIItemEntry.cpp" />
		<Unit filename="cegui\elements\CEGUIItemEntry.h" />
		<Unit filename="cegui\elements\CEGUIItemEntryProperties.cpp" />
		<Unit filename="cegui\elements\CEGUIItemEntryProperties.h" />
		<Unit filename="cegui\elements\CEGUIItemListBase.cpp" />
		<Unit filename="cegui\elements\CEGUIItemListBase.h" />
		<Unit filename="cegui\elements\CEGUIItemListBaseProperties.cpp" />
		<Unit filename="cegui\elements\CEGUIItemListBaseProperties.h" />
		<Unit filename="cegui\elements\CEGUIItemListbox.cpp" />
		<Unit filename="cegui\elements\CEGUIItemListbox.h" />
		<Unit filename="cegui\elements\CEGUIItemListboxProperties.cpp" />
		<Unit filename="cegui\elements\CEGUIItemListboxProperties.h" />
		<Unit filename="cegui\elements\CEGUILayoutContainer.cpp" />
		<Unit filename="cegui\elements\CEGUILayoutContainer.h" />
		<Unit filename="cegui\elements\CEGUIListHeader.cpp" />
		<Unit filename="cegui\elements\CEGUIListHeader.h" />
		<Unit filename="cegui\elements\CEGUIListHeaderProperties.cpp" />
		<Unit filename="cegui\elements\CEGUIListHeaderProperties.h" />
		<Unit filename="cegui\elements\CEGUIListHeaderSegment.cpp" />
		<Unit filename="cegui\elements\CEGUIListHeaderSegment.h" />
		<Unit filename="cegui\elements\CEGUIListHeaderSegmentProperties.cpp" />
		<Unit filename="cegui\elements\CEGUIListHeaderSegmentProperties.h" />
		<Unit filename="cegui\elements\CEGUIListbox.cpp" />
		<Unit filename="cegui\elements\CEGUIListbox.h" />
		<Unit filename="cegui\elements\CEGUIListboxItem.cpp" />
		<Unit filename="cegui\elements\CEGUIListboxItem.h" />
		<Unit filename="cegui\elements\CEGUIListboxProperties.cpp" />
		<Unit filename="cegui\elements\CEGUIListboxProperties.h" />
		<Unit filename="cegui\elements\CEGUIListboxTextItem.cpp" />
		<Unit filename="cegui\elements\CEGUIListboxTextItem.h" />
		<Unit filename="cegui\elements\CEGUIMenuBase.cpp" />
		<Unit filename="cegui\elements\CEGUIMenuBase.h" />
		<Unit filename="cegui\elements\CEGUIMenuBaseProperties.cpp" />
		<Unit filename="cegui\elements\CEGUIMenuBaseProperties.h" />
		<Unit filename="cegui\elements\CEGUIMenuItem.cpp" />
		<Unit filename="cegui\elements\CEGUIMenuItem.h" />
		<Unit filename="cegui\elements\CEGUIMenubar.cpp" />
		<Unit filename="cegui\elements\CEGUIMenubar.h" />
		<Unit filename="cegui\elements\CEGUIMultiColumnList.cpp" />
		<Unit filename="cegui\elements\CEGUIMultiColumnList.h" />
		<Unit filename="cegui\elements\CEGUIMultiColumnListProperties.cpp" />
		<Unit filename="cegui\elements\CEGUIMultiColumnListProperties.h" />
		<Unit filename="cegui\elements\CEGUIMultiLineEditbox.cpp" />
		<Unit filename="cegui\elements\CEGUIMultiLineEditbox.h" />
		<Unit filename="cegui\elements\CEGUIMultiLineEditboxProperties.cpp" />
		<Unit filename="cegui\elements\CEGUIMultiLineEditboxProperties.h" />
		<Unit filename="cegui\elements\CEGUIPopupMenu.cpp" />
		<Unit filename="cegui\elements\CEGUIPopupMenu.h" />
		<Unit filename="cegui\elements\CEGUIPopupMenuProperties.cpp" />
		<Unit filename="cegui\elements\CEGUIPopupMenuProperties.h" />
		<Unit filename="cegui\elements\CEGUIProgressBar.cpp" />
		<Unit filename="cegui\elements\CEGUIProgressBar.h" />
		<Unit filename="cegui\elements\CEGUIProgressBarProperties.cpp" />
		<Unit filename="cegui\elements\CEGUIProgressBarProperties.h" />
		<Unit filename="cegui\elements\CEGUIPushButton.cpp" />
		<Unit filename="cegui\elements\CEGUIPushButton.h" />
		<Unit filename="cegui\elements\CEGUIRadioButton.cpp" />
		<Unit filename="cegui\elements\CEGUIRadioButton.h" />
		<Unit filename="cegui\elements\CEGUIRadioButtonProperties.cpp" />
		<Unit filename="cegui\elements\CEGUIRadioButtonProperties.h" />
		<Unit filename="cegui\elements\CEGUIScrollablePane.cpp" />
		<Unit filename="cegui\elements\CEGUIScrollablePane.h" />
		<Unit filename="cegui\elements\CEGUIScrollablePaneProperties.cpp" />
		<Unit filename="cegui\elements\CEGUIScrollablePaneProperties.h" />
		<Unit filename="cegui\elements\CEGUIScrollbar.cpp" />
		<Unit filename="cegui\elements\CEGUIScrollbar.h" />
		<Unit filename="cegui\elements\CEGUIScrollbarProperties.cpp" />
		<Unit filename="cegui\elements\CEGUIScrollbarProperties.h" />
		<Unit filename="cegui\elements\CEGUIScrolledContainer.cpp" />
		<Unit filename="cegui\elements\CEGUIScrolledContainer.h" />
		<Unit filename="cegui\elements\CEGUIScrolledContainerProperties.cpp" />
		<Unit filename="cegui\elements\CEGUIScrolledContainerProperties.h" />
		<Unit filename="cegui\elements\CEGUIScrolledItemListBase.cpp" />
		<Unit filename="cegui\elements\CEGUIScrolledItemListBase.h" />
		<Unit filename="cegui\elements\CEGUIScrolledItemListBaseProperties.cpp" />
		<Unit filename="cegui\elements\CEGUIScrolledItemListBaseProperties.h" />
		<Unit filename="cegui\elements\CEGUISequentialLayoutContainer.cpp" />
		<Unit filename="cegui\elements\CEGUISequentialLayoutContainer.h" />
		<Unit filename="cegui\elements\CEGUISlider.cpp" />
		<Unit filename="cegui\elements\CEGUISlider.h" />
		<Unit filename="cegui\elements\CEGUISliderProperties.cpp" />
		<Unit filename="cegui\elements\CEGUISliderProperties.h" />
		<Unit filename="cegui\elements\CEGUISpinner.cpp" />
		<Unit filename="cegui\elements\CEGUISpinner.h" />
		<Unit filename="cegui\elements\CEGUISpinnerProperties.cpp" />
		<Unit filename="cegui\elements\CEGUISpinnerProperties.h" />
		<Unit filename="cegui\elements\CEGUITabButton.cpp" />
		<Unit filename="cegui\elements\CEGUITabButton.h" />
		<Unit filename="cegui\elements\CEGUITabControl.cpp" />
		<Unit filename="cegui\elements\CEGUITabControl.h" />
		<Unit filename="cegui\elements\CEGUITabControlProperties.cpp" />
		<Unit filename="cegui\elements\CEGUITabControlProperties.h" />
		<Unit filename="cegui\elements\CEGUIThumb.cpp" />
		<Unit filename="cegui\elements\CEGUIThumb.h" />
		<Unit filename="cegui\elements\CEGUIThumbProperties.cpp" />
		<Unit filename="cegui\elements\CEGUIThumbProperties.h" />
		<Unit filename="cegui\elements\CEGUITitlebar.cpp" />
		<Unit filename="cegui\elements\CEGUITitlebar.h" />
		<Unit filename="cegui\elements\CEGUITitlebarProperties.cpp" />
		<Unit filename="cegui\elements\CEGUITitlebarProperties.h" />
		<Unit filename="cegui\elements\CEGUITooltip.cpp" />
		<Unit filename="cegui\elements\CEGUITooltip.h" />
		<Unit filename="cegui\elements\CEGUITooltipProperties.cpp" />
		<Unit filename="cegui\elements\CEGUITooltipProperties.h" />
		<Unit filename="cegui\elements\CEGUITree.cpp" />
		<Unit filename="cegui\elements\CEGUITree.h" />
		<Unit filename="cegui\elements\CEGUITreeItem.cpp" />
		<Unit filename="cegui\elements\CEGUITreeItem.h" />
		<Unit filename="cegui\elements\CEGUITreeProperties.cpp" />
		<Unit filename="cegui\elements\CEGUITreeProperties.h" />
		<Unit filename="cegui\elements\CEGUIVerticalLayoutContainer.cpp" />
		<Unit filename="cegui\elements\CEGUIVerticalLayoutContainer.h" />
		<Unit filename="cegui\falagard\CEGUIFalComponentBase.cpp" />
		<Unit filename="cegui\falagard\CEGUIFalComponentBase.h" />
		<Unit filename="cegui\falagard\CEGUIFalDimensions.cpp" />
		<Unit filename="cegui\falagard\CEGUIFalDimensions.h" />
		<Unit filename="cegui\falagard\CEGUIFalEnums.h" />
		<Unit filename="cegui\falagard\CEGUIFalFrameComponent.cpp" />
		<Unit filename="cegui\falagard\CEGUIFalFrameComponent.h" />
		<Unit filename="cegui\falagard\CEGUIFalImageryComponent.cpp" />
		<Unit filename="cegui\falagard\CEGUIFalImageryComponent.h" />
		<Unit filename="cegui\falagard\CEGUIFalImagerySection.cpp" />
		<Unit filename="cegui\falagard\CEGUIFalImagerySection.h" />
		<Unit filename="cegui\falagard\CEGUIFalLayerSpecification.cpp" />
		<Unit filename="cegui\falagard\CEGUIFalLayerSpecification.h" />
		<Unit filename="cegui\falagard\CEGUIFalNamedArea.cpp" />
		<Unit filename="cegui\falagard\CEGUIFalNamedArea.h" />
		<Unit filename="cegui\falagard\CEGUIFalPropertyDefinition.cpp" />
		<Unit filename="cegui\falagard\CEGUIFalPropertyDefinition.h" />
		<Unit filename="cegui\falagard\CEGUIFalPropertyDefinitionBase.cpp" />
		<Unit filename="cegui\falagard\CEGUIFalPropertyDefinitionBase.h" />
		<Unit filename="cegui\falagard\CEGUIFalPropertyInitialiser.cpp" />
		<Unit filename="cegui\falagard\CEGUIFalPropertyInitialiser.h" />
		<Unit filename="cegui\falagard\CEGUIFalPropertyLinkDefinition.cpp" />
		<Unit filename="cegui\falagard\CEGUIFalPropertyLinkDefinition.h" />
		<Unit filename="cegui\falagard\CEGUIFalSectionSpecification.cpp" />
		<Unit filename="cegui\falagard\CEGUIFalSectionSpecification.h" />
		<Unit filename="cegui\falagard\CEGUIFalStateImagery.cpp" />
		<Unit filename="cegui\falagard\CEGUIFalStateImagery.h" />
		<Unit filename="cegui\falagard\CEGUIFalTextComponent.cpp" />
		<Unit filename="cegui\falagard\CEGUIFalTextComponent.h" />
		<Unit filename="cegui\falagard\CEGUIFalWidgetComponent.cpp" />
		<Unit filename="cegui\falagard\CEGUIFalWidgetComponent.h" />
		<Unit filename="cegui\falagard\CEGUIFalWidgetLookFeel.cpp" />
		<Unit filename="cegui\falagard\CEGUIFalWidgetLookFeel.h" />
		<Unit filename="cegui\falagard\CEGUIFalWidgetLookManager.cpp" />
		<Unit filename="cegui\falagard\CEGUIFalWidgetLookManager.h" />
		<Unit filename="cegui\falagard\CEGUIFalXMLEnumHelper.cpp" />
		<Unit filename="cegui\falagard\CEGUIFalXMLEnumHelper.h" />
		<Unit filename="cegui\falagard\CEGUIFalagard_xmlHandler.cpp" />
		<Unit filename="cegui\falagard\CEGUIFalagard_xmlHandler.h" />
		<Unit filename="cegui\minibidi.cpp" />
		<Unit filename="cegui\minizip\ioapi.cpp" />
		<Unit filename="cegui\minizip\ioapi.h" />
		<Unit filename="cegui\minizip\iowin32.cpp" />
		<Unit filename="cegui\minizip\iowin32.h" />
		<Unit filename="cegui\minizip\unzip.cpp" />
		<Unit filename="cegui\minizip\unzip.h" />
		<Unit filename="vaultgui.cpp" />
		<Unit filename="vaultgui.h" />
		<Extensions>
			<code_completion />
			<envvars />
			<debugger />
			<lib_finder disable_auto="1" />
		</Extensions>
	</Project>
</CodeBlocks_project_file>
