<?xml version="1.0" encoding="UTF-8" standalone="yes" ?>
<CodeBlocks_project_file>
	<FileVersion major="1" minor="6" />
	<Project>
		<Option title="vaultgui" />
		<Option pch_mode="2" />
		<Option compiler="msvc8" />
		<Build>
			<Target title="Release">
				<Option output="vaultgui" prefix_auto="1" extension_auto="1" />
				<Option object_output="obj\" />
				<Option type="3" />
				<Option compiler="msvc8" />
				<Option createDefFile="1" />
				<Option createStaticLib="1" />
			</Target>
		</Build>
		<Compiler>
			<Add option="/D__WIN32__" />
			<Add directory="C:\Program Files (x86)\Microsoft DirectX SDK (June 2010)\Include" />
			<Add directory="C:\Program Files\Microsoft SDKs\Windows\v7.1\Include" />
			<Add directory="C:\Program Files (x86)\Microsoft Visual Studio 10.0\VC\include" />
		</Compiler>
		<Linker>
			<Add option="user32.lib" />
			<Add library="C:\Program Files (x86)\Microsoft DirectX SDK (June 2010)\Lib\x86\d3d9.lib" />
			<Add library="C:\Program Files (x86)\Microsoft DirectX SDK (June 2010)\Lib\x86\d3dx9.lib" />
			<Add directory="C:\Program Files (x86)\Microsoft DirectX SDK (June 2010)\Lib\x86" />
			<Add directory="C:\Program Files\Microsoft SDKs\Windows\v7.1\Lib" />
			<Add directory="C:\Program Files (x86)\Microsoft Visual Studio 10.0\VC\lib" />
		</Linker>
		<Unit filename="..\CriticalSection.cpp" />
		<Unit filename="..\CriticalSection.h" />
		<Unit filename="CD3D9Hook.cpp" />
		<Unit filename="CD3D9Hook.h" />
		<Unit filename="CD3D9Render.cpp" />
		<Unit filename="CD3D9Render.h" />
		<Unit filename="CGUIObject.cpp" />
		<Unit filename="CGUIObject.h" />
		<Unit filename="CGUISettings.h" />
		<Unit filename="CGUIWindow.cpp" />
		<Unit filename="CGUIWindow.h" />
		<Unit filename="CreateDevice.cpp" />
		<Unit filename="vaultDetour.cpp" />
		<Unit filename="vaultDetour.h" />
		<Unit filename="vaultgui.cpp" />
		<Unit filename="vaultgui.h" />
		<Extensions>
			<code_completion />
			<envvars />
			<debugger />
			<lib_finder disable_auto="1" />
		</Extensions>
	</Project>
</CodeBlocks_project_file>
