<?xml version="1.0" encoding="utf-8"?>
<Project ToolsVersion="4.0" xmlns:atg="http://atg.xbox.com" xmlns="http://schemas.microsoft.com/developer/msbuild/2003">
  <ItemGroup>
    <Filter Include="D3D9Hook">
      <UniqueIdentifier>{93989f85-54fd-458b-b502-bcd2159a6244}</UniqueIdentifier>
    </Filter>
    <Filter Include="D3D9Hook\Detour">
      <UniqueIdentifier>{f873d97c-b734-4dae-b3c0-07c4dfa66edf}</UniqueIdentifier>
    </Filter>
  </ItemGroup>
  <ItemGroup>
    <ClCompile Include="CD3D9Render.cpp" />
    <ClCompile Include="CGUIWindow.cpp" />
    <ClCompile Include="CGUIObject.cpp" />
    <ClCompile Include="vaultDetour.cpp">
      <Filter>D3D9Hook\Detour</Filter>
    </ClCompile>
    <ClCompile Include="CD3D9Hook.cpp">
      <Filter>D3D9Hook</Filter>
    </ClCompile>
    <ClCompile Include="main.cpp" />
    <ClCompile Include="Input.cpp" />
  </ItemGroup>
  <ItemGroup>
    <ClInclude Include="CD3D9Render.h" />
    <ClInclude Include="CGUIWindow.h" />
    <ClInclude Include="CGUIObject.h" />
    <ClInclude Include="vaultDetour.h">
      <Filter>D3D9Hook\Detour</Filter>
    </ClInclude>
    <ClInclude Include="CD3D9Hook.h">
      <Filter>D3D9Hook</Filter>
    </ClInclude>
    <ClInclude Include="CGUISettings.h" />
    <ClInclude Include="Input.h" />
  </ItemGroup>
  <ItemGroup>
  </ItemGroup>
</Project>