<?xml version="1.0" encoding="UTF-8" standalone="yes" ?>
<CodeBlocks_project_file>
	<FileVersion major="1" minor="6" />
	<Project>
		<Option title="vaultmp" />
		<Option platforms="Windows;" />
		<Option makefile="makefile" />
		<Option pch_mode="2" />
		<Option compiler="gcc" />
		<Build>
			<Target title="Debug">
				<Option platforms="Windows;" />
				<Option output="vaultmpd" prefix_auto="1" extension_auto="1" />
				<Option object_output=".objs\Debug" />
				<Option type="0" />
				<Option compiler="gcc" />
				<Compiler>
					<Add option="-Wredundant-decls" />
					<Add option="-Wunreachable-code" />
					<Add option="-gstabs" />
					<Add option="-DVAULTMP_DEBUG" />
				</Compiler>
			</Target>
			<Target title="Release">
				<Option platforms="Windows;" />
				<Option output="vaultmp" prefix_auto="1" extension_auto="1" />
				<Option object_output=".objs\Release" />
				<Option type="0" />
				<Option compiler="gcc" />
				<Compiler>
					<Add option="-O2" />
					<Add option="-Wredundant-decls" />
					<Add option="-Wunreachable-code" />
				</Compiler>
				<Linker>
					<Add option="-s" />
				</Linker>
			</Target>
		</Build>
		<Compiler>
			<Add option="-std=gnu++0x" />
			<Add directory="." />
		</Compiler>
		<Linker>
			<Add option="ufmod.obj" />
			<Add option="-lshlwapi" />
			<Add option="-lcomctl32" />
			<Add option="-lwinmm" />
			<Add option="-lws2_32" />
			<Add option="-limagehlp" />
			<Add option="-static" />
		</Linker>
		<Unit filename="API.cpp" />
		<Unit filename="API.h" />
		<Unit filename="Actor.cpp" />
		<Unit filename="Actor.h" />
		<Unit filename="Actors.h" />
		<Unit filename="Bethesda.cpp" />
		<Unit filename="Bethesda.h" />
		<Unit filename="Container.cpp" />
		<Unit filename="Container.h" />
		<Unit filename="CriticalSection.cpp" />
		<Unit filename="CriticalSection.h" />
		<Unit filename="Data.h" />
		<Unit filename="Debug.cpp" />
		<Unit filename="Debug.h" />
		<Unit filename="Game.cpp" />
		<Unit filename="Game.h" />
		<Unit filename="GameFactory.cpp" />
		<Unit filename="GameFactory.h" />
		<Unit filename="Interface.cpp" />
		<Unit filename="Interface.h" />
		<Unit filename="Item.cpp" />
		<Unit filename="Item.h" />
		<Unit filename="Items.h" />
		<Unit filename="Lockable.cpp" />
		<Unit filename="Lockable.h" />
		<Unit filename="Network.cpp" />
		<Unit filename="Network.h" />
		<Unit filename="NetworkClient.cpp" />
		<Unit filename="NetworkClient.h" />
		<Unit filename="Object.cpp" />
		<Unit filename="Object.h" />
		<Unit filename="PacketFactory.cpp" />
		<Unit filename="PacketFactory.h" />
		<Unit filename="PacketTypes.h" />
		<Unit filename="Pipe.cpp" />
		<Unit filename="Pipe.h" />
		<Unit filename="Player.cpp" />
		<Unit filename="Player.h" />
		<Unit filename="RakNet\AutopatcherPatchContext.h" />
		<Unit filename="RakNet\AutopatcherRepositoryInterface.h" />
		<Unit filename="RakNet\BitStream.cpp" />
		<Unit filename="RakNet\BitStream.h" />
		<Unit filename="RakNet\CCRakNetSlidingWindow.cpp" />
		<Unit filename="RakNet\CCRakNetSlidingWindow.h" />
		<Unit filename="RakNet\CCRakNetUDT.cpp" />
		<Unit filename="RakNet\CCRakNetUDT.h" />
		<Unit filename="RakNet\CheckSum.cpp" />
		<Unit filename="RakNet\CheckSum.h" />
		<Unit filename="RakNet\CloudClient.cpp" />
		<Unit filename="RakNet\CloudClient.h" />
		<Unit filename="RakNet\CloudCommon.cpp" />
		<Unit filename="RakNet\CloudCommon.h" />
		<Unit filename="RakNet\CloudServer.cpp" />
		<Unit filename="RakNet\CloudServer.h" />
		<Unit filename="RakNet\CommandParserInterface.cpp" />
		<Unit filename="RakNet\CommandParserInterface.h" />
		<Unit filename="RakNet\ConnectionGraph2.cpp" />
		<Unit filename="RakNet\ConnectionGraph2.h" />
		<Unit filename="RakNet\ConsoleServer.cpp" />
		<Unit filename="RakNet\ConsoleServer.h" />
		<Unit filename="RakNet\DS_BPlusTree.h" />
		<Unit filename="RakNet\DS_BinarySearchTree.h" />
		<Unit filename="RakNet\DS_BytePool.cpp" />
		<Unit filename="RakNet\DS_BytePool.h" />
		<Unit filename="RakNet\DS_ByteQueue.cpp" />
		<Unit filename="RakNet\DS_ByteQueue.h" />
		<Unit filename="RakNet\DS_Hash.h" />
		<Unit filename="RakNet\DS_Heap.h" />
		<Unit filename="RakNet\DS_HuffmanEncodingTree.cpp" />
		<Unit filename="RakNet\DS_HuffmanEncodingTree.h" />
		<Unit filename="RakNet\DS_HuffmanEncodingTreeFactory.h" />
		<Unit filename="RakNet\DS_HuffmanEncodingTreeNode.h" />
		<Unit filename="RakNet\DS_LinkedList.h" />
		<Unit filename="RakNet\DS_List.h" />
		<Unit filename="RakNet\DS_Map.h" />
		<Unit filename="RakNet\DS_MemoryPool.h" />
		<Unit filename="RakNet\DS_Multilist.h" />
		<Unit filename="RakNet\DS_OrderedChannelHeap.h" />
		<Unit filename="RakNet\DS_OrderedList.h" />
		<Unit filename="RakNet\DS_Queue.h" />
		<Unit filename="RakNet\DS_QueueLinkedList.h" />
		<Unit filename="RakNet\DS_RangeList.h" />
		<Unit filename="RakNet\DS_StringKeyedHash.h" />
		<Unit filename="RakNet\DS_Table.cpp" />
		<Unit filename="RakNet\DS_Table.h" />
		<Unit filename="RakNet\DS_ThreadsafeAllocatingQueue.h" />
		<Unit filename="RakNet\DS_Tree.h" />
		<Unit filename="RakNet\DS_WeightedGraph.h" />
		<Unit filename="RakNet\DataCompressor.cpp" />
		<Unit filename="RakNet\DataCompressor.h" />
		<Unit filename="RakNet\DirectoryDeltaTransfer.cpp" />
		<Unit filename="RakNet\DirectoryDeltaTransfer.h" />
		<Unit filename="RakNet\DynDNS.cpp" />
		<Unit filename="RakNet\DynDNS.h" />
		<Unit filename="RakNet\EmailSender.cpp" />
		<Unit filename="RakNet\EmailSender.h" />
		<Unit filename="RakNet\EncodeClassName.cpp" />
		<Unit filename="RakNet\EpochTimeToString.cpp" />
		<Unit filename="RakNet\EpochTimeToString.h" />
		<Unit filename="RakNet\Export.h" />
		<Unit filename="RakNet\FileList.cpp" />
		<Unit filename="RakNet\FileList.h" />
		<Unit filename="RakNet\FileListNodeContext.h" />
		<Unit filename="RakNet\FileListTransfer.cpp" />
		<Unit filename="RakNet\FileListTransfer.h" />
		<Unit filename="RakNet\FileListTransferCBInterface.h" />
		<Unit filename="RakNet\FileOperations.cpp" />
		<Unit filename="RakNet\FileOperations.h" />
		<Unit filename="RakNet\FormatString.cpp" />
		<Unit filename="RakNet\FormatString.h" />
		<Unit filename="RakNet\FullyConnectedMesh2.cpp" />
		<Unit filename="RakNet\FullyConnectedMesh2.h" />
		<Unit filename="RakNet\GetTime.cpp" />
		<Unit filename="RakNet\GetTime.h" />
		<Unit filename="RakNet\Getche.cpp" />
		<Unit filename="RakNet\Getche.h" />
		<Unit filename="RakNet\Gets.cpp" />
		<Unit filename="RakNet\Gets.h" />
		<Unit filename="RakNet\GridSectorizer.cpp" />
		<Unit filename="RakNet\GridSectorizer.h" />
		<Unit filename="RakNet\HTTPConnection.cpp" />
		<Unit filename="RakNet\HTTPConnection.h" />
		<Unit filename="RakNet\IncrementalReadInterface.cpp" />
		<Unit filename="RakNet\IncrementalReadInterface.h" />
		<Unit filename="RakNet\InternalPacket.h" />
		<Unit filename="RakNet\Itoa.cpp" />
		<Unit filename="RakNet\Itoa.h" />
		<Unit filename="RakNet\Kbhit.h" />
		<Unit filename="RakNet\LinuxStrings.cpp" />
		<Unit filename="RakNet\LinuxStrings.h" />
		<Unit filename="RakNet\LocklessTypes.cpp" />
		<Unit filename="RakNet\LocklessTypes.h" />
		<Unit filename="RakNet\LogCommandParser.cpp" />
		<Unit filename="RakNet\LogCommandParser.h" />
		<Unit filename="RakNet\MTUSize.h" />
		<Unit filename="RakNet\MessageFilter.cpp" />
		<Unit filename="RakNet\MessageFilter.h" />
		<Unit filename="RakNet\MessageIdentifiers.h" />
		<Unit filename="RakNet\NatPunchthroughClient.cpp" />
		<Unit filename="RakNet\NatPunchthroughClient.h" />
		<Unit filename="RakNet\NatPunchthroughServer.cpp" />
		<Unit filename="RakNet\NatPunchthroughServer.h" />
		<Unit filename="RakNet\NatTypeDetectionClient.cpp" />
		<Unit filename="RakNet\NatTypeDetectionClient.h" />
		<Unit filename="RakNet\NatTypeDetectionCommon.cpp" />
		<Unit filename="RakNet\NatTypeDetectionCommon.h" />
		<Unit filename="RakNet\NatTypeDetectionServer.cpp" />
		<Unit filename="RakNet\NatTypeDetectionServer.h" />
		<Unit filename="RakNet\NativeFeatureIncludes.h" />
		<Unit filename="RakNet\NativeFeatureIncludesOverrides.h" />
		<Unit filename="RakNet\NativeTypes.h" />
		<Unit filename="RakNet\NetworkIDManager.cpp" />
		<Unit filename="RakNet\NetworkIDManager.h" />
		<Unit filename="RakNet\NetworkIDObject.cpp" />
		<Unit filename="RakNet\NetworkIDObject.h" />
		<Unit filename="RakNet\PS3Includes.h" />
		<Unit filename="RakNet\PacketConsoleLogger.cpp" />
		<Unit filename="RakNet\PacketConsoleLogger.h" />
		<Unit filename="RakNet\PacketFileLogger.cpp" />
		<Unit filename="RakNet\PacketFileLogger.h" />
		<Unit filename="RakNet\PacketLogger.cpp" />
		<Unit filename="RakNet\PacketLogger.h" />
		<Unit filename="RakNet\PacketOutputWindowLogger.cpp" />
		<Unit filename="RakNet\PacketOutputWindowLogger.h" />
		<Unit filename="RakNet\PacketPool.h" />
		<Unit filename="RakNet\PacketPriority.h" />
		<Unit filename="RakNet\PacketizedTCP.cpp" />
		<Unit filename="RakNet\PacketizedTCP.h" />
		<Unit filename="RakNet\PluginInterface2.cpp" />
		<Unit filename="RakNet\PluginInterface2.h" />
		<Unit filename="RakNet\RPC4Plugin.cpp" />
		<Unit filename="RakNet\RPC4Plugin.h" />
		<Unit filename="RakNet\Rackspace.cpp" />
		<Unit filename="RakNet\Rackspace.h" />
		<Unit filename="RakNet\RakAlloca.h" />
		<Unit filename="RakNet\RakAssert.h" />
		<Unit filename="RakNet\RakMemoryOverride.cpp" />
		<Unit filename="RakNet\RakMemoryOverride.h" />
		<Unit filename="RakNet\RakNetCommandParser.cpp" />
		<Unit filename="RakNet\RakNetCommandParser.h" />
		<Unit filename="RakNet\RakNetDefines.h" />
		<Unit filename="RakNet\RakNetDefinesOverrides.h" />
		<Unit filename="RakNet\RakNetSmartPtr.h" />
		<Unit filename="RakNet\RakNetSocket.cpp" />
		<Unit filename="RakNet\RakNetSocket.h" />
		<Unit filename="RakNet\RakNetStatistics.cpp" />
		<Unit filename="RakNet\RakNetStatistics.h" />
		<Unit filename="RakNet\RakNetTime.h" />
		<Unit filename="RakNet\RakNetTransport2.cpp" />
		<Unit filename="RakNet\RakNetTransport2.h" />
		<Unit filename="RakNet\RakNetTypes.cpp" />
		<Unit filename="RakNet\RakNetTypes.h" />
		<Unit filename="RakNet\RakNetVersion.h" />
		<Unit filename="RakNet\RakPeer.cpp" />
		<Unit filename="RakNet\RakPeer.h" />
		<Unit filename="RakNet\RakPeerInterface.h" />
		<Unit filename="RakNet\RakSleep.cpp" />
		<Unit filename="RakNet\RakSleep.h" />
		<Unit filename="RakNet\RakString.cpp" />
		<Unit filename="RakNet\RakString.h" />
		<Unit filename="RakNet\RakThread.cpp" />
		<Unit filename="RakNet\RakThread.h" />
		<Unit filename="RakNet\RakWString.cpp" />
		<Unit filename="RakNet\RakWString.h" />
		<Unit filename="RakNet\Rand.cpp" />
		<Unit filename="RakNet\Rand.h" />
		<Unit filename="RakNet\ReadyEvent.cpp" />
		<Unit filename="RakNet\ReadyEvent.h" />
		<Unit filename="RakNet\RefCountedObj.h" />
		<Unit filename="RakNet\ReliabilityLayer.cpp" />
		<Unit filename="RakNet\ReliabilityLayer.h" />
		<Unit filename="RakNet\Replica.h" />
		<Unit filename="RakNet\ReplicaEnums.h" />
		<Unit filename="RakNet\ReplicaManager3.cpp" />
		<Unit filename="RakNet\ReplicaManager3.h" />
		<Unit filename="RakNet\Router2.cpp" />
		<Unit filename="RakNet\Router2.h" />
		<Unit filename="RakNet\SHA1.cpp" />
		<Unit filename="RakNet\SHA1.h" />
		<Unit filename="RakNet\SecureHandshake.cpp" />
		<Unit filename="RakNet\SecureHandshake.h" />
		<Unit filename="RakNet\SendToThread.cpp" />
		<Unit filename="RakNet\SendToThread.h" />
		<Unit filename="RakNet\SignaledEvent.cpp" />
		<Unit filename="RakNet\SignaledEvent.h" />
		<Unit filename="RakNet\SimpleMutex.cpp" />
		<Unit filename="RakNet\SimpleMutex.h" />
		<Unit filename="RakNet\SimpleTCPServer.h" />
		<Unit filename="RakNet\SingleProducerConsumer.h" />
		<Unit filename="RakNet\SocketIncludes.h" />
		<Unit filename="RakNet\SocketLayer.cpp" />
		<Unit filename="RakNet\SocketLayer.h" />
		<Unit filename="RakNet\StringCompressor.cpp" />
		<Unit filename="RakNet\StringCompressor.h" />
		<Unit filename="RakNet\StringTable.cpp" />
		<Unit filename="RakNet\StringTable.h" />
		<Unit filename="RakNet\SuperFastHash.cpp" />
		<Unit filename="RakNet\SuperFastHash.h" />
		<Unit filename="RakNet\TCPInterface.cpp" />
		<Unit filename="RakNet\TCPInterface.h" />
		<Unit filename="RakNet\TableSerializer.cpp" />
		<Unit filename="RakNet\TableSerializer.h" />
		<Unit filename="RakNet\TeamBalancer.cpp" />
		<Unit filename="RakNet\TeamBalancer.h" />
		<Unit filename="RakNet\TelnetTransport.cpp" />
		<Unit filename="RakNet\TelnetTransport.h" />
		<Unit filename="RakNet\ThreadPool.h" />
		<Unit filename="RakNet\ThreadsafePacketLogger.cpp" />
		<Unit filename="RakNet\ThreadsafePacketLogger.h" />
		<Unit filename="RakNet\TransportInterface.h" />
		<Unit filename="RakNet\TwoWayAuthentication.cpp" />
		<Unit filename="RakNet\TwoWayAuthentication.h" />
		<Unit filename="RakNet\UDPForwarder.cpp" />
		<Unit filename="RakNet\UDPForwarder.h" />
		<Unit filename="RakNet\UDPProxyClient.cpp" />
		<Unit filename="RakNet\UDPProxyClient.h" />
		<Unit filename="RakNet\UDPProxyCommon.h" />
		<Unit filename="RakNet\UDPProxyCoordinator.cpp" />
		<Unit filename="RakNet\UDPProxyCoordinator.h" />
		<Unit filename="RakNet\UDPProxyServer.cpp" />
		<Unit filename="RakNet\UDPProxyServer.h" />
		<Unit filename="RakNet\VariableDeltaSerializer.cpp" />
		<Unit filename="RakNet\VariableDeltaSerializer.h" />
		<Unit filename="RakNet\VariableListDeltaTracker.cpp" />
		<Unit filename="RakNet\VariableListDeltaTracker.h" />
		<Unit filename="RakNet\VariadicSQLParser.cpp" />
		<Unit filename="RakNet\VariadicSQLParser.h" />
		<Unit filename="RakNet\WSAStartupSingleton.cpp" />
		<Unit filename="RakNet\WSAStartupSingleton.h" />
		<Unit filename="RakNet\WindowsIncludes.h" />
		<Unit filename="RakNet\XBox360Includes.h" />
		<Unit filename="RakNet\_FindFirst.cpp" />
		<Unit filename="RakNet\_FindFirst.h" />
		<Unit filename="RakNet\gettimeofday.cpp" />
		<Unit filename="RakNet\gettimeofday.h" />
		<Unit filename="RakNet\rdlmalloc-options.h" />
		<Unit filename="RakNet\rdlmalloc.cpp" />
		<Unit filename="RakNet\rdlmalloc.h" />
		<Unit filename="Reference.cpp" />
		<Unit filename="Reference.h" />
		<Unit filename="ServerEntry.cpp" />
		<Unit filename="ServerEntry.h" />
		<Unit filename="Utils.cpp" />
		<Unit filename="Utils.h" />
		<Unit filename="Value.cpp" />
		<Unit filename="Value.h" />
		<Unit filename="VaultException.cpp" />
		<Unit filename="VaultException.h" />
		<Unit filename="VaultFunctor.cpp" />
		<Unit filename="VaultFunctor.h" />
		<Unit filename="iniparser\dictionary.c">
			<Option compilerVar="CC" />
		</Unit>
		<Unit filename="iniparser\dictionary.h" />
		<Unit filename="iniparser\iniparser.c">
			<Option compilerVar="CC" />
		</Unit>
		<Unit filename="iniparser\iniparser.h" />
		<Unit filename="ufmod.h" />
		<Unit filename="vaultmp.cpp" />
		<Unit filename="vaultmp.h" />
		<Unit filename="vaultmp.rc">
			<Option compilerVar="CPP" />
		</Unit>
		<Extensions>
			<code_completion />
			<debugger />
			<envvars />
		</Extensions>
	</Project>
</CodeBlocks_project_file>
